# THIS IS AN AUTOGENERATED FILE. DO NOT EDIT THIS FILE DIRECTLY.
# yarn lockfile v1


"@mapbox/point-geometry@^0.1.0", "@mapbox/point-geometry@~0.1.0":
  version "0.1.0"
  resolved "https://registry.npmjs.org/@mapbox/point-geometry/-/point-geometry-0.1.0.tgz"
  integrity sha512-6j56HdLTwWGO0fJPlrZtdU/B13q8Uwmo18Ck2GnGgN9PCFyKTZ3UbXeEdRFh18i9XQ92eH2VdtpJHpBD3aripQ==

"@mapbox/unitbezier@^0.0.0":
  version "0.0.0"
  resolved "https://registry.npmjs.org/@mapbox/unitbezier/-/unitbezier-0.0.0.tgz"
  integrity sha512-HPnRdYO0WjFjRTSwO3frz1wKaU649OBFPX3Zo/2WZvuRi6zMiRGui8SnPQiQABgqCf8YikDe5t3HViTVw1WUzA==

"@mapbox/vector-tile@^1.3.1":
  version "1.3.1"
  resolved "https://registry.npmjs.org/@mapbox/vector-tile/-/vector-tile-1.3.1.tgz"
  integrity sha512-MCEddb8u44/xfQ3oD+Srl/tNcQoqTw3goGk2oLsrFxOTc3dUp+kAnby3PvAeeBYSMSjSPD1nd1AJA6W49WnoUw==
  dependencies:
    "@mapbox/point-geometry" "~0.1.0"

"@types/css-font-loading-module@^0.0.7":
  version "0.0.7"
  resolved "https://registry.npmjs.org/@types/css-font-loading-module/-/css-font-loading-module-0.0.7.tgz"
  integrity sha512-nl09VhutdjINdWyXxHWN/w9zlNCfr60JUqJbd24YXUuCwgeL0TpFSdElCwb6cxfB6ybE19Gjj4g0jsgkXxKv1Q==

color2k@^1.2.4:
  version "1.2.5"
  resolved "https://registry.npmjs.org/color2k/-/color2k-1.2.5.tgz"
  integrity sha512-G39qNMGyM/fhl8hcy1YqpfXzQ810zSGyiJAgdMFlreCI7Hpwu3Jpu4tuBM/Oxu1Bek1FwyaBbtrtdkTr4HDhLA==

fflate@^0.7.3:
  version "0.7.4"
  resolved "https://registry.npmjs.org/fflate/-/fflate-0.7.4.tgz"
  integrity sha512-5u2V/CDW15QM1XbbgS+0DfPxVB+jUKhWEKuuFuHncbk3tEEqzmoXL+2KyOFuKGqOnmdIy0/davWF1CkuwtibCw==

flatqueue@^1.2.1:
  version "1.2.1"
  resolved "https://registry.npmjs.org/flatqueue/-/flatqueue-1.2.1.tgz"
  integrity sha512-X86TpWS1rGuY7m382HuA9vngLeDuWA9lJvhEG+GfgKMV5onSvx5a71cl7GMbXzhWtlN9dGfqOBrpfqeOtUfGYQ==

ieee754@^1.1.12:
  version "1.2.1"
  resolved "https://registry.npmjs.org/ieee754/-/ieee754-1.2.1.tgz"
  integrity sha512-dcyqhDvX1C46lXZcVqCpK+FtMRQVdIMN6/Df5js2zouUsqG7I6sFxitIC+7KYK29KdXOLHdu9zL4sFnoVQnqaA==

jquery-ujs@^1.2.2:
  version "1.2.2"
  resolved "https://registry.npmjs.org/jquery-ujs/-/jquery-ujs-1.2.2.tgz"
  integrity sha1-ao7xAg5rbdo4W5CkvdwSjCHFY5c=
  dependencies:
    jquery ">=1.8.0"

jquery@^3.5.0, jquery@>=1.8.0:
  version "3.7.1"
  resolved "https://registry.npmjs.org/jquery/-/jquery-3.7.1.tgz"
  integrity sha512-m4avr8yL8kmFN8psrbFFFmB/If14iN5o9nw/NgnnM+kybDJpRsAynV2BsfpTYrTRysYUdADVD7CkUUizgkpLfg==

leaflet@^1.7.1:
  version "1.7.1"
  resolved "https://registry.npmjs.org/leaflet/-/leaflet-1.7.1.tgz"
  integrity sha512-/xwPEBidtg69Q3HlqPdU3DnrXQOvQU/CCHA1tcDQVzOwm91YMYaILjNp7L4Eaw5Z4sOYdbBz6koWyibppd8Zqw==

nouislider@^14.0.2:
  version "14.0.2"
  resolved "https://registry.npmjs.org/nouislider/-/nouislider-14.0.2.tgz"
  integrity sha512-N4AQStV4frh+XcLUwMI/hZpBP6tRboDE/4LZ7gzfxMVXFi/2J9URphnm40Ff4KEyrAVGSGaWApvljoMzTNWBlA==

pbf@^3.2.1:
  version "3.2.1"
  resolved "https://registry.npmjs.org/pbf/-/pbf-3.2.1.tgz"
  integrity sha512-ClrV7pNOn7rtmoQVF4TS1vyU0WhYRnP92fzbfF75jAIwpnzdJXf8iTd4CMEqO4yUenH6NDqLiwjqlh6QgZzgLQ==
  dependencies:
    ieee754 "^1.1.12"
    resolve-protobuf-schema "^2.1.0"

pmtiles@2.7.0:
  version "2.7.0"
  resolved "https://registry.npmjs.org/pmtiles/-/pmtiles-2.7.0.tgz"
  integrity sha512-/0WERHBKCt9P8dlQaROQd1CE/J1sqYhdGkDgOROaxCjnpm/U+guWNNxZPPduUy6Wu7wQtPghA7sS4t0T18FKAA==
  dependencies:
    fflate "^0.7.3"

polylabel@^1.1.0:
  version "1.1.0"
  resolved "https://registry.npmjs.org/polylabel/-/polylabel-1.1.0.tgz"
  integrity sha512-bxaGcA40sL3d6M4hH72Z4NdLqxpXRsCFk8AITYg6x1rn1Ei3izf00UMLklerBZTO49aPA3CYrIwVulx2Bce2pA==
  dependencies:
    tinyqueue "^2.0.3"

potpack@^1.0.2:
  version "1.0.2"
  resolved "https://registry.npmjs.org/potpack/-/potpack-1.0.2.tgz"
  integrity sha512-choctRBIV9EMT9WGAZHn3V7t0Z2pMQyl0EZE6pFc/6ml3ssw7Dlf/oAOvFwjm1HVsqfQN8GfeFyJ+d8tRzqueQ==

protocol-buffers-schema@^3.3.1:
  version "3.6.0"
  resolved "https://registry.npmjs.org/protocol-buffers-schema/-/protocol-buffers-schema-3.6.0.tgz"
  integrity sha512-TdDRD+/QNdrCGCE7v8340QyuXd4kIWIgapsE2+n/SaGiSSbomYl4TjHlvIoCWRpE7wFt02EpB35VVA2ImcBVqw==

protomaps-leaflet@^1.24.0:
  version "1.24.0"
  resolved "https://registry.npmjs.org/protomaps-leaflet/-/protomaps-leaflet-1.24.0.tgz"
  integrity sha512-kl5hVJoDySz0fcIMLIG2XWPlAJibwy6ETyZiMvV0V6PVrubndGMNkQHspzi3Ug+3cquXCd4MGYimz78TWQeJOQ==
  dependencies:
    "@mapbox/point-geometry" "^0.1.0"
    "@mapbox/unitbezier" "^0.0.0"
    "@mapbox/vector-tile" "^1.3.1"
    "@types/css-font-loading-module" "^0.0.7"
    color2k "^1.2.4"
    flatqueue "^1.2.1"
    pbf "^3.2.1"
    pmtiles "2.7.0"
    polylabel "^1.1.0"
    potpack "^1.0.2"
    rbush "^3.0.1"

quickselect@^2.0.0:
  version "2.0.0"
  resolved "https://registry.npmjs.org/quickselect/-/quickselect-2.0.0.tgz"
  integrity sha512-RKJ22hX8mHe3Y6wH/N3wCM6BWtjaxIyyUIkpHOvfFnxdI4yD4tBXEBKSbriGujF6jnSVkJrffuo6vxACiSSxIw==

rbush@^3.0.1:
  version "3.0.1"
  resolved "https://registry.npmjs.org/rbush/-/rbush-3.0.1.tgz"
  integrity sha512-XRaVO0YecOpEuIvbhbpTrZgoiI6xBlz6hnlr6EHhd+0x9ase6EmeN+hdwwUaJvLcsFFQ8iWVF1GAK1yB0BWi0w==
  dependencies:
    quickselect "^2.0.0"

resolve-protobuf-schema@^2.1.0:
  version "2.1.0"
  resolved "https://registry.npmjs.org/resolve-protobuf-schema/-/resolve-protobuf-schema-2.1.0.tgz"
  integrity sha512-kI5ffTiZWmJaS/huM8wZfEMer1eRd7oJQhDuxeCLe3t7N7mX3z94CN0xPxBQxFYQTSNz9T0i+v6inKqSdK8xrQ==
  dependencies:
    protocol-buffers-schema "^3.3.1"

tinyqueue@^2.0.3:
  version "2.0.3"
  resolved "https://registry.npmjs.org/tinyqueue/-/tinyqueue-2.0.3.tgz"
  integrity sha512-ppJZNDuKGgxzkHihX8v9v9G5f+18gzaTfrukGrq6ueg0lmH4nqVnA2IPG0AEH3jKEk2GRJCUhDoqpoiw3PHLBA==
